{
  "version": 4,
  "terraform_version": "1.13.3",
  "serial": 79,
  "lineage": "97e08dab-42a4-c720-9e8f-173d0b4b5260",
  "outputs": {},
  "resources": [
    {
      "mode": "data",
      "type": "aws_caller_identity",
      "name": "current",
      "provider": "provider[\"registry.terraform.io/hashicorp/aws\"]",
      "instances": [
        {
          "schema_version": 0,
          "attributes": {
            "account_id": "948356185505",
            "arn": "arn:aws:iam::948356185505:user/kyalo",
            "id": "948356185505",
            "user_id": "AIDA5ZTTO7WQ3BIZL3PQZ"
          },
          "sensitive_attributes": [],
          "identity_schema_version": 0
        }
      ]
    },
    {
      "mode": "data",
      "type": "aws_iam_policy_document",
      "name": "aws_sagemaker_role",
      "provider": "provider[\"registry.terraform.io/hashicorp/aws\"]",
      "instances": [
        {
          "schema_version": 0,
          "attributes": {
            "id": "1147345228",
            "json": "{\n  \"Version\": \"2012-10-17\",\n  \"Statement\": [\n    {\n      \"Effect\": \"Allow\",\n      \"Action\": \"sts:AssumeRole\",\n      \"Principal\": {\n        \"Service\": \"sagemaker.amazonaws.com\"\n      }\n    }\n  ]\n}",
            "minified_json": "{\"Version\":\"2012-10-17\",\"Statement\":[{\"Effect\":\"Allow\",\"Action\":\"sts:AssumeRole\",\"Principal\":{\"Service\":\"sagemaker.amazonaws.com\"}}]}",
            "override_json": null,
            "override_policy_documents": null,
            "policy_id": null,
            "source_json": null,
            "source_policy_documents": null,
            "statement": [
              {
                "actions": [
                  "sts:AssumeRole"
                ],
                "condition": [],
                "effect": "Allow",
                "not_actions": [],
                "not_principals": [],
                "not_resources": [],
                "principals": [
                  {
                    "identifiers": [
                      "sagemaker.amazonaws.com"
                    ],
                    "type": "Service"
                  }
                ],
                "resources": [],
                "sid": ""
              }
            ],
            "version": "2012-10-17"
          },
          "sensitive_attributes": [],
          "identity_schema_version": 0
        }
      ]
    },
    {
      "mode": "data",
      "type": "aws_iam_policy_document",
      "name": "sagemaker_kms_key_policy",
      "provider": "provider[\"registry.terraform.io/hashicorp/aws\"]",
      "instances": [
        {
          "schema_version": 0,
          "attributes": {
            "id": "3416210216",
            "json": "{\n  \"Version\": \"2012-10-17\",\n  \"Statement\": [\n    {\n      \"Sid\": \"Enable IAM policies\",\n      \"Effect\": \"Allow\",\n      \"Action\": \"kms:*\",\n      \"Resource\": \"*\",\n      \"Principal\": {\n        \"AWS\": \"arn:aws:iam::948356185505:root\"\n      }\n    },\n    {\n      \"Sid\": \"Allow SageMaker Service\",\n      \"Effect\": \"Allow\",\n      \"Action\": [\n        \"kms:ReEncrypt*\",\n        \"kms:GenerateDataKey\",\n        \"kms:Encrypt\",\n        \"kms:DescribeKey\",\n        \"kms:Decrypt\",\n        \"kms:CreateGrant\"\n      ],\n      \"Resource\": \"*\",\n      \"Principal\": {\n        \"Service\": \"sagemaker.amazonaws.com\"\n      }\n    },\n    {\n      \"Sid\": \"Allow EFS Service\",\n      \"Effect\": \"Allow\",\n      \"Action\": [\n        \"kms:ReEncrypt*\",\n        \"kms:GenerateDataKey\",\n        \"kms:Encrypt\",\n        \"kms:DescribeKey\",\n        \"kms:Decrypt\",\n        \"kms:CreateGrant\"\n      ],\n      \"Resource\": \"*\",\n      \"Principal\": {\n        \"Service\": \"elasticfilesystem.amazonaws.com\"\n      }\n    },\n    {\n      \"Sid\": \"Allow SageMaker Role\",\n      \"Effect\": \"Allow\",\n      \"Action\": [\n        \"kms:ReEncrypt*\",\n        \"kms:GenerateDataKey\",\n        \"kms:Encrypt\",\n        \"kms:DescribeKey\",\n        \"kms:Decrypt\",\n        \"kms:CreateGrant\"\n      ],\n      \"Resource\": \"*\",\n      \"Principal\": {\n        \"AWS\": \"arn:aws:iam::948356185505:role/aws_sagemaker_role\"\n      }\n    }\n  ]\n}",
            "minified_json": "{\"Version\":\"2012-10-17\",\"Statement\":[{\"Sid\":\"Enable IAM policies\",\"Effect\":\"Allow\",\"Action\":\"kms:*\",\"Resource\":\"*\",\"Principal\":{\"AWS\":\"arn:aws:iam::948356185505:root\"}},{\"Sid\":\"Allow SageMaker Service\",\"Effect\":\"Allow\",\"Action\":[\"kms:ReEncrypt*\",\"kms:GenerateDataKey\",\"kms:Encrypt\",\"kms:DescribeKey\",\"kms:Decrypt\",\"kms:CreateGrant\"],\"Resource\":\"*\",\"Principal\":{\"Service\":\"sagemaker.amazonaws.com\"}},{\"Sid\":\"Allow EFS Service\",\"Effect\":\"Allow\",\"Action\":[\"kms:ReEncrypt*\",\"kms:GenerateDataKey\",\"kms:Encrypt\",\"kms:DescribeKey\",\"kms:Decrypt\",\"kms:CreateGrant\"],\"Resource\":\"*\",\"Principal\":{\"Service\":\"elasticfilesystem.amazonaws.com\"}},{\"Sid\":\"Allow SageMaker Role\",\"Effect\":\"Allow\",\"Action\":[\"kms:ReEncrypt*\",\"kms:GenerateDataKey\",\"kms:Encrypt\",\"kms:DescribeKey\",\"kms:Decrypt\",\"kms:CreateGrant\"],\"Resource\":\"*\",\"Principal\":{\"AWS\":\"arn:aws:iam::948356185505:role/aws_sagemaker_role\"}}]}",
            "override_json": null,
            "override_policy_documents": null,
            "policy_id": null,
            "source_json": null,
            "source_policy_documents": null,
            "statement": [
              {
                "actions": [
                  "kms:*"
                ],
                "condition": [],
                "effect": "Allow",
                "not_actions": [],
                "not_principals": [],
                "not_resources": [],
                "principals": [
                  {
                    "identifiers": [
                      "arn:aws:iam::948356185505:root"
                    ],
                    "type": "AWS"
                  }
                ],
                "resources": [
                  "*"
                ],
                "sid": "Enable IAM policies"
              },
              {
                "actions": [
                  "kms:CreateGrant",
                  "kms:Decrypt",
                  "kms:DescribeKey",
                  "kms:Encrypt",
                  "kms:GenerateDataKey",
                  "kms:ReEncrypt*"
                ],
                "condition": [],
                "effect": "Allow",
                "not_actions": [],
                "not_principals": [],
                "not_resources": [],
                "principals": [
                  {
                    "identifiers": [
                      "sagemaker.amazonaws.com"
                    ],
                    "type": "Service"
                  }
                ],
                "resources": [
                  "*"
                ],
                "sid": "Allow SageMaker Service"
              },
              {
                "actions": [
                  "kms:CreateGrant",
                  "kms:Decrypt",
                  "kms:DescribeKey",
                  "kms:Encrypt",
                  "kms:GenerateDataKey",
                  "kms:ReEncrypt*"
                ],
                "condition": [],
                "effect": "Allow",
                "not_actions": [],
                "not_principals": [],
                "not_resources": [],
                "principals": [
                  {
                    "identifiers": [
                      "elasticfilesystem.amazonaws.com"
                    ],
                    "type": "Service"
                  }
                ],
                "resources": [
                  "*"
                ],
                "sid": "Allow EFS Service"
              },
              {
                "actions": [
                  "kms:CreateGrant",
                  "kms:Decrypt",
                  "kms:DescribeKey",
                  "kms:Encrypt",
                  "kms:GenerateDataKey",
                  "kms:ReEncrypt*"
                ],
                "condition": [],
                "effect": "Allow",
                "not_actions": [],
                "not_principals": [],
                "not_resources": [],
                "principals": [
                  {
                    "identifiers": [
                      "arn:aws:iam::948356185505:role/aws_sagemaker_role"
                    ],
                    "type": "AWS"
                  }
                ],
                "resources": [
                  "*"
                ],
                "sid": "Allow SageMaker Role"
              }
            ],
            "version": "2012-10-17"
          },
          "sensitive_attributes": [],
          "identity_schema_version": 0
        }
      ]
    },
    {
      "mode": "managed",
      "type": "aws_iam_role",
      "name": "aws_sagemaker_role",
      "provider": "provider[\"registry.terraform.io/hashicorp/aws\"]",
      "instances": [
        {
          "schema_version": 0,
          "attributes": {
            "arn": "arn:aws:iam::948356185505:role/aws_sagemaker_role",
            "assume_role_policy": "{\"Statement\":[{\"Action\":\"sts:AssumeRole\",\"Effect\":\"Allow\",\"Principal\":{\"Service\":\"sagemaker.amazonaws.com\"}}],\"Version\":\"2012-10-17\"}",
            "create_date": "2025-11-13T16:13:01Z",
            "description": "",
            "force_detach_policies": false,
            "id": "aws_sagemaker_role",
            "inline_policy": [],
            "managed_policy_arns": [],
            "max_session_duration": 3600,
            "name": "aws_sagemaker_role",
            "name_prefix": "",
            "path": "/",
            "permissions_boundary": "",
            "tags": {},
            "tags_all": {},
            "unique_id": "AROA5ZTTO7WQVWYZTIRAI"
          },
          "sensitive_attributes": [],
          "identity_schema_version": 0,
          "identity": {
            "account_id": "948356185505",
            "name": "aws_sagemaker_role"
          },
          "private": "bnVsbA==",
          "dependencies": [
            "data.aws_iam_policy_document.aws_sagemaker_role"
          ]
        }
      ]
    },
    {
      "mode": "managed",
      "type": "aws_kms_key",
      "name": "sagemaker_kms_key",
      "provider": "provider[\"registry.terraform.io/hashicorp/aws\"]",
      "instances": [
        {
          "schema_version": 0,
          "attributes": {
            "arn": "arn:aws:kms:us-east-1:948356185505:key/f2a04351-c4da-4408-a0a3-f430eafee700",
            "bypass_policy_lockout_safety_check": false,
            "custom_key_store_id": "",
            "customer_master_key_spec": "SYMMETRIC_DEFAULT",
            "deletion_window_in_days": 7,
            "description": "KMS key for SageMaker domain EFS encryption",
            "enable_key_rotation": false,
            "id": "f2a04351-c4da-4408-a0a3-f430eafee700",
            "is_enabled": true,
            "key_id": "f2a04351-c4da-4408-a0a3-f430eafee700",
            "key_usage": "ENCRYPT_DECRYPT",
            "multi_region": false,
            "policy": "{\"Statement\":[{\"Action\":\"kms:*\",\"Effect\":\"Allow\",\"Principal\":{\"AWS\":\"arn:aws:iam::948356185505:root\"},\"Resource\":\"*\",\"Sid\":\"Enable IAM policies\"},{\"Action\":[\"kms:ReEncrypt*\",\"kms:GenerateDataKey\",\"kms:Encrypt\",\"kms:DescribeKey\",\"kms:Decrypt\",\"kms:CreateGrant\"],\"Effect\":\"Allow\",\"Principal\":{\"Service\":\"sagemaker.amazonaws.com\"},\"Resource\":\"*\",\"Sid\":\"Allow SageMaker Service\"},{\"Action\":[\"kms:ReEncrypt*\",\"kms:GenerateDataKey\",\"kms:Encrypt\",\"kms:DescribeKey\",\"kms:Decrypt\",\"kms:CreateGrant\"],\"Effect\":\"Allow\",\"Principal\":{\"Service\":\"elasticfilesystem.amazonaws.com\"},\"Resource\":\"*\",\"Sid\":\"Allow EFS Service\"},{\"Action\":[\"kms:ReEncrypt*\",\"kms:GenerateDataKey\",\"kms:Encrypt\",\"kms:DescribeKey\",\"kms:Decrypt\",\"kms:CreateGrant\"],\"Effect\":\"Allow\",\"Principal\":{\"AWS\":\"arn:aws:iam::948356185505:role/aws_sagemaker_role\"},\"Resource\":\"*\",\"Sid\":\"Allow SageMaker Role\"}],\"Version\":\"2012-10-17\"}",
            "region": "us-east-1",
            "rotation_period_in_days": 0,
            "tags": {
              "Name": "sagemaker-efs-key"
            },
            "tags_all": {
              "Name": "sagemaker-efs-key"
            },
            "timeouts": null,
            "xks_key_id": ""
          },
          "sensitive_attributes": [],
          "identity_schema_version": 0,
          "private": "eyJlMmJmYjczMC1lY2FhLTExZTYtOGY4OC0zNDM2M2JjN2M0YzAiOnsiY3JlYXRlIjoxMjAwMDAwMDAwMDB9fQ==",
          "dependencies": [
            "aws_iam_role.aws_sagemaker_role",
            "data.aws_caller_identity.current",
            "data.aws_iam_policy_document.aws_sagemaker_role",
            "data.aws_iam_policy_document.sagemaker_kms_key_policy"
          ]
        }
      ]
    },
    {
      "mode": "managed",
      "type": "aws_sagemaker_domain",
      "name": "sagemaker_domain",
      "provider": "provider[\"registry.terraform.io/hashicorp/aws\"]",
      "instances": [
        {
          "schema_version": 0,
          "attributes": {
            "app_network_access_type": "VpcOnly",
            "app_security_group_management": "",
            "arn": "arn:aws:sagemaker:us-east-1:948356185505:domain/d-14ujvuonjl1e",
            "auth_mode": "IAM",
            "default_space_settings": [
              {
                "custom_file_system_config": [],
                "custom_posix_user_config": [],
                "execution_role": "arn:aws:iam::948356185505:role/aws_sagemaker_role",
                "jupyter_lab_app_settings": [],
                "jupyter_server_app_settings": [],
                "kernel_gateway_app_settings": [],
                "security_groups": [],
                "space_storage_settings": []
              }
            ],
            "default_user_settings": [
              {
                "auto_mount_home_efs": "Enabled",
                "canvas_app_settings": [],
                "code_editor_app_settings": [],
                "custom_file_system_config": [],
                "custom_posix_user_config": [],
                "default_landing_uri": "studio::",
                "execution_role": "arn:aws:iam::948356185505:role/aws_sagemaker_role",
                "jupyter_lab_app_settings": [
                  {
                    "app_lifecycle_management": [],
                    "built_in_lifecycle_config_arn": "",
                    "code_repository": [
                      {
                        "repository_url": "https://github.com/thoth-ky/predictive-autoscaling.git"
                      }
                    ],
                    "custom_image": [],
                    "default_resource_spec": [],
                    "emr_settings": [],
                    "lifecycle_config_arns": []
                  }
                ],
                "jupyter_server_app_settings": [
                  {
                    "code_repository": [
                      {
                        "repository_url": "https://github.com/thoth-ky/predictive-autoscaling.git"
                      }
                    ],
                    "default_resource_spec": [],
                    "lifecycle_config_arns": []
                  }
                ],
                "kernel_gateway_app_settings": [],
                "r_session_app_settings": [],
                "r_studio_server_pro_app_settings": [],
                "security_groups": [],
                "sharing_settings": [],
                "space_storage_settings": [],
                "studio_web_portal": "ENABLED",
                "studio_web_portal_settings": [
                  {
                    "hidden_app_types": [
                      "RStudioServerPro"
                    ],
                    "hidden_instance_types": [],
                    "hidden_ml_tools": []
                  }
                ],
                "tensor_board_app_settings": []
              }
            ],
            "domain_name": "predictive-autoscaling-dev-domain",
            "domain_settings": [],
            "home_efs_file_system_id": "fs-014cf6c371f3470e6",
            "id": "d-14ujvuonjl1e",
            "kms_key_id": "f2a04351-c4da-4408-a0a3-f430eafee700",
            "region": "us-east-1",
            "retention_policy": [],
            "security_group_id_for_domain_boundary": "",
            "single_sign_on_application_arn": "",
            "single_sign_on_managed_application_instance_id": "",
            "subnet_ids": [
              "subnet-04fbc4bfe3d35018f"
            ],
            "tag_propagation": "DISABLED",
            "tags": {},
            "tags_all": {},
            "url": "https://d-14ujvuonjl1e.studio.us-east-1.sagemaker.aws",
            "vpc_id": "vpc-0126cd45210dec4eb"
          },
          "sensitive_attributes": [],
          "identity_schema_version": 0,
          "private": "bnVsbA==",
          "dependencies": [
            "aws_iam_role.aws_sagemaker_role",
            "aws_kms_key.sagemaker_kms_key",
            "aws_subnet.sagemaker_subnet",
            "aws_vpc.sagemaker_vpc",
            "data.aws_caller_identity.current",
            "data.aws_iam_policy_document.aws_sagemaker_role",
            "data.aws_iam_policy_document.sagemaker_kms_key_policy"
          ]
        }
      ]
    },
    {
      "mode": "managed",
      "type": "aws_sagemaker_user_profile",
      "name": "default_sagemaker_user_profile",
      "provider": "provider[\"registry.terraform.io/hashicorp/aws\"]",
      "instances": [
        {
          "schema_version": 0,
          "attributes": {
            "arn": "arn:aws:sagemaker:us-east-1:948356185505:user-profile/d-14ujvuonjl1e/default",
            "domain_id": "d-14ujvuonjl1e",
            "home_efs_file_system_uid": "200015",
            "id": "d-14ujvuonjl1e/default",
            "region": "us-east-1",
            "single_sign_on_user_identifier": "",
            "single_sign_on_user_value": "",
            "tags": {},
            "tags_all": {},
            "user_profile_name": "default",
            "user_settings": [
              {
                "auto_mount_home_efs": "Enabled",
                "canvas_app_settings": [],
                "code_editor_app_settings": [],
                "custom_file_system_config": [],
                "custom_posix_user_config": [],
                "default_landing_uri": "",
                "execution_role": "arn:aws:iam::948356185505:role/aws_sagemaker_role",
                "jupyter_lab_app_settings": [
                  {
                    "app_lifecycle_management": [],
                    "built_in_lifecycle_config_arn": "",
                    "code_repository": [
                      {
                        "repository_url": "https://github.com/thoth-ky/predictive-autoscaling.git"
                      }
                    ],
                    "custom_image": [],
                    "default_resource_spec": [],
                    "emr_settings": [],
                    "lifecycle_config_arns": []
                  }
                ],
                "jupyter_server_app_settings": [],
                "kernel_gateway_app_settings": [],
                "r_session_app_settings": [],
                "r_studio_server_pro_app_settings": [],
                "security_groups": [],
                "sharing_settings": [],
                "space_storage_settings": [],
                "studio_web_portal": "",
                "studio_web_portal_settings": [],
                "tensor_board_app_settings": []
              }
            ]
          },
          "sensitive_attributes": [],
          "identity_schema_version": 0,
          "identity": {
            "account_id": "948356185505",
            "domain_id": "d-14ujvuonjl1e",
            "region": "us-east-1",
            "user_profile_name": "default"
          },
          "private": "bnVsbA==",
          "dependencies": [
            "aws_iam_role.aws_sagemaker_role",
            "aws_kms_key.sagemaker_kms_key",
            "aws_sagemaker_domain.sagemaker_domain",
            "aws_subnet.sagemaker_subnet",
            "aws_vpc.sagemaker_vpc",
            "data.aws_caller_identity.current",
            "data.aws_iam_policy_document.aws_sagemaker_role",
            "data.aws_iam_policy_document.sagemaker_kms_key_policy"
          ]
        }
      ]
    },
    {
      "mode": "managed",
      "type": "aws_subnet",
      "name": "sagemaker_subnet",
      "provider": "provider[\"registry.terraform.io/hashicorp/aws\"]",
      "instances": [
        {
          "schema_version": 1,
          "attributes": {
            "arn": "arn:aws:ec2:us-east-1:948356185505:subnet/subnet-04fbc4bfe3d35018f",
            "assign_ipv6_address_on_creation": false,
            "availability_zone": "us-east-1a",
            "availability_zone_id": "use1-az2",
            "cidr_block": "10.0.1.0/24",
            "customer_owned_ipv4_pool": "",
            "enable_dns64": false,
            "enable_lni_at_device_index": 0,
            "enable_resource_name_dns_a_record_on_launch": false,
            "enable_resource_name_dns_aaaa_record_on_launch": false,
            "id": "subnet-04fbc4bfe3d35018f",
            "ipv6_cidr_block": "",
            "ipv6_cidr_block_association_id": "",
            "ipv6_native": false,
            "map_customer_owned_ip_on_launch": false,
            "map_public_ip_on_launch": false,
            "outpost_arn": "",
            "owner_id": "948356185505",
            "private_dns_hostname_type_on_launch": "ip-name",
            "region": "us-east-1",
            "tags": {
              "Name": "sagemaker-subnet"
            },
            "tags_all": {
              "Name": "sagemaker-subnet"
            },
            "timeouts": null,
            "vpc_id": "vpc-0126cd45210dec4eb"
          },
          "sensitive_attributes": [],
          "identity_schema_version": 0,
          "private": "eyJlMmJmYjczMC1lY2FhLTExZTYtOGY4OC0zNDM2M2JjN2M0YzAiOnsiY3JlYXRlIjo2MDAwMDAwMDAwMDAsImRlbGV0ZSI6MTIwMDAwMDAwMDAwMH0sInNjaGVtYV92ZXJzaW9uIjoiMSJ9",
          "dependencies": [
            "aws_vpc.sagemaker_vpc"
          ]
        }
      ]
    },
    {
      "mode": "managed",
      "type": "aws_vpc",
      "name": "sagemaker_vpc",
      "provider": "provider[\"registry.terraform.io/hashicorp/aws\"]",
      "instances": [
        {
          "schema_version": 1,
          "attributes": {
            "arn": "arn:aws:ec2:us-east-1:948356185505:vpc/vpc-0126cd45210dec4eb",
            "assign_generated_ipv6_cidr_block": false,
            "cidr_block": "10.0.0.0/16",
            "default_network_acl_id": "acl-0094d50ff87385f47",
            "default_route_table_id": "rtb-03654bdea94c13c88",
            "default_security_group_id": "sg-0667de171a5a57a86",
            "dhcp_options_id": "dopt-4856252f",
            "enable_dns_hostnames": false,
            "enable_dns_support": true,
            "enable_network_address_usage_metrics": false,
            "id": "vpc-0126cd45210dec4eb",
            "instance_tenancy": "default",
            "ipv4_ipam_pool_id": null,
            "ipv4_netmask_length": null,
            "ipv6_association_id": "",
            "ipv6_cidr_block": "",
            "ipv6_cidr_block_network_border_group": "",
            "ipv6_ipam_pool_id": "",
            "ipv6_netmask_length": 0,
            "main_route_table_id": "rtb-03654bdea94c13c88",
            "owner_id": "948356185505",
            "region": "us-east-1",
            "tags": {
              "Name": "sagemaker-vpc"
            },
            "tags_all": {
              "Name": "sagemaker-vpc"
            }
          },
          "sensitive_attributes": [],
          "identity_schema_version": 0,
          "private": "eyJzY2hlbWFfdmVyc2lvbiI6IjEifQ=="
        }
      ]
    }
  ],
  "check_results": null
}
